
Microsoft Visual Studio Solution File, Format Version 12.00
# Visual Studio 15
VisualStudioVersion = 15.0.26124.0
MinimumVisualStudioVersion = 15.0.26124.0
Project("{FAE04EC0-301F-11D3-BF4B-00C04F79EFBC}") = "DotNetParaticaInterfaces", "DotNetParaticaInterfaces\DotNetParaticaInterfaces.csproj", "{55AF46DC-2A85-4B8D-AA0C-F1AD1F2A62D5}"
EndProject
Project("{FAE04EC0-301F-11D3-BF4B-00C04F79EFBC}") = "DotNetParaticaJogo", "DotNetParaticaJogo\DotNetParaticaJogo.csproj", "{C96420FE-5DF0-4546-8C30-AA6938D16DDA}"
EndProject
Project("{FAE04EC0-301F-11D3-BF4B-00C04F79EFBC}") = "DotNetPratica", "DotNetPratica\DotNetPratica.csproj", "{04809CBE-4EEF-46D0-8209-07EDD75D669E}"
EndProject
Global
	GlobalSection(SolutionConfigurationPlatforms) = preSolution
		Debug|Any CPU = Debug|Any CPU
		Debug|x64 = Debug|x64
		Debug|x86 = Debug|x86
		Release|Any CPU = Release|Any CPU
		Release|x64 = Release|x64
		Release|x86 = Release|x86
	EndGlobalSection
	GlobalSection(SolutionProperties) = preSolution
		HideSolutionNode = FALSE
	EndGlobalSection
	GlobalSection(ProjectConfigurationPlatforms) = postSolution
		{55AF46DC-2A85-4B8D-AA0C-F1AD1F2A62D5}.Debug|Any CPU.ActiveCfg = Debug|Any CPU
		{55AF46DC-2A85-4B8D-AA0C-F1AD1F2A62D5}.Debug|Any CPU.Build.0 = Debug|Any CPU
		{55AF46DC-2A85-4B8D-AA0C-F1AD1F2A62D5}.Debug|x64.ActiveCfg = Debug|Any CPU
		{55AF46DC-2A85-4B8D-AA0C-F1AD1F2A62D5}.Debug|x64.Build.0 = Debug|Any CPU
		{55AF46DC-2A85-4B8D-AA0C-F1AD1F2A62D5}.Debug|x86.ActiveCfg = Debug|Any CPU
		{55AF46DC-2A85-4B8D-AA0C-F1AD1F2A62D5}.Debug|x86.Build.0 = Debug|Any CPU
		{55AF46DC-2A85-4B8D-AA0C-F1AD1F2A62D5}.Release|Any CPU.ActiveCfg = Release|Any CPU
		{55AF46DC-2A85-4B8D-AA0C-F1AD1F2A62D5}.Release|Any CPU.Build.0 = Release|Any CPU
		{55AF46DC-2A85-4B8D-AA0C-F1AD1F2A62D5}.Release|x64.ActiveCfg = Release|Any CPU
		{55AF46DC-2A85-4B8D-AA0C-F1AD1F2A62D5}.Release|x64.Build.0 = Release|Any CPU
		{55AF46DC-2A85-4B8D-AA0C-F1AD1F2A62D5}.Release|x86.ActiveCfg = Release|Any CPU
		{55AF46DC-2A85-4B8D-AA0C-F1AD1F2A62D5}.Release|x86.Build.0 = Release|Any CPU
		{C96420FE-5DF0-4546-8C30-AA6938D16DDA}.Debug|Any CPU.ActiveCfg = Debug|Any CPU
		{C96420FE-5DF0-4546-8C30-AA6938D16DDA}.Debug|Any CPU.Build.0 = Debug|Any CPU
		{C96420FE-5DF0-4546-8C30-AA6938D16DDA}.Debug|x64.ActiveCfg = Debug|Any CPU
		{C96420FE-5DF0-4546-8C30-AA6938D16DDA}.Debug|x64.Build.0 = Debug|Any CPU
		{C96420FE-5DF0-4546-8C30-AA6938D16DDA}.Debug|x86.ActiveCfg = Debug|Any CPU
		{C96420FE-5DF0-4546-8C30-AA6938D16DDA}.Debug|x86.Build.0 = Debug|Any CPU
		{C96420FE-5DF0-4546-8C30-AA6938D16DDA}.Release|Any CPU.ActiveCfg = Release|Any CPU
		{C96420FE-5DF0-4546-8C30-AA6938D16DDA}.Release|Any CPU.Build.0 = Release|Any CPU
		{C96420FE-5DF0-4546-8C30-AA6938D16DDA}.Release|x64.ActiveCfg = Release|Any CPU
		{C96420FE-5DF0-4546-8C30-AA6938D16DDA}.Release|x64.Build.0 = Release|Any CPU
		{C96420FE-5DF0-4546-8C30-AA6938D16DDA}.Release|x86.ActiveCfg = Release|Any CPU
		{C96420FE-5DF0-4546-8C30-AA6938D16DDA}.Release|x86.Build.0 = Release|Any CPU
		{04809CBE-4EEF-46D0-8209-07EDD75D669E}.Debug|Any CPU.ActiveCfg = Debug|Any CPU
		{04809CBE-4EEF-46D0-8209-07EDD75D669E}.Debug|Any CPU.Build.0 = Debug|Any CPU
		{04809CBE-4EEF-46D0-8209-07EDD75D669E}.Debug|x64.ActiveCfg = Debug|Any CPU
		{04809CBE-4EEF-46D0-8209-07EDD75D669E}.Debug|x64.Build.0 = Debug|Any CPU
		{04809CBE-4EEF-46D0-8209-07EDD75D669E}.Debug|x86.ActiveCfg = Debug|Any CPU
		{04809CBE-4EEF-46D0-8209-07EDD75D669E}.Debug|x86.Build.0 = Debug|Any CPU
		{04809CBE-4EEF-46D0-8209-07EDD75D669E}.Release|Any CPU.ActiveCfg = Release|Any CPU
		{04809CBE-4EEF-46D0-8209-07EDD75D669E}.Release|Any CPU.Build.0 = Release|Any CPU
		{04809CBE-4EEF-46D0-8209-07EDD75D669E}.Release|x64.ActiveCfg = Release|Any CPU
		{04809CBE-4EEF-46D0-8209-07EDD75D669E}.Release|x64.Build.0 = Release|Any CPU
		{04809CBE-4EEF-46D0-8209-07EDD75D669E}.Release|x86.ActiveCfg = Release|Any CPU
		{04809CBE-4EEF-46D0-8209-07EDD75D669E}.Release|x86.Build.0 = Release|Any CPU
	EndGlobalSection
EndGlobal
